
Microsoft Visual Studio Solution File, Format Version 12.00
# Visual Studio Version 17
VisualStudioVersion = 17.3.32901.215
MinimumVisualStudioVersion = 10.0.40219.1
Project("{FAE04EC0-301F-11D3-BF4B-00C04F79EFBC}") = "Stack • 96", "Stack • 96\Stack • 96.csproj", "{DF4A921F-119D-4010-9178-A4A69E81FF3B}"
EndProject
Global
	GlobalSection(SolutionConfigurationPlatforms) = preSolution
		Debug|Any CPU = Debug|Any CPU
		Release|Any CPU = Release|Any CPU
	EndGlobalSection
	GlobalSection(ProjectConfigurationPlatforms) = postSolution
		{DF4A921F-119D-4010-9178-A4A69E81FF3B}.Debug|Any CPU.ActiveCfg = Debug|Any CPU
		{DF4A921F-119D-4010-9178-A4A69E81FF3B}.Debug|Any CPU.Build.0 = Debug|Any CPU
		{DF4A921F-119D-4010-9178-A4A69E81FF3B}.Release|Any CPU.ActiveCfg = Release|Any CPU
		{DF4A921F-119D-4010-9178-A4A69E81FF3B}.Release|Any CPU.Build.0 = Release|Any CPU
	EndGlobalSection
	GlobalSection(SolutionProperties) = preSolution
		HideSolutionNode = FALSE
	EndGlobalSection
	GlobalSection(ExtensibilityGlobals) = postSolution
		SolutionGuid = {01C06A55-D80E-465F-8756-C3437422B0E7}
	EndGlobalSection
EndGlobal
